// !$*UTF8*$!
{
	archiveVersion = 1;
	classes = {
	};
	objectVersion = 46;
	objects = {

/* Begin PBXBuildFile section */
		3EBE34AD22F01AE30037B268 /* eTakeCameraViewController.m in Sources */ = {isa = PBXBuildFile; fileRef = 3EBE34AC22F01AE30037B268 /* eTakeCameraViewController.m */; };
		3ECF84C722EADE48004E16BB /* eTakeCameraViewController.xib in Resources */ = {isa = PBXBuildFile; fileRef = 3ECF84C622EADE48004E16BB /* eTakeCameraViewController.xib */; };
		3EDB498622EAB72E0033557A /* arrow_down@2x.png in Resources */ = {isa = PBXBuildFile; fileRef = 3EDB497C22EAB72E0033557A /* arrow_down@2x.png */; };
		3EDB498722EAB72E0033557A /* arrow_down@3x.png in Resources */ = {isa = PBXBuildFile; fileRef = 3EDB497D22EAB72E0033557A /* arrow_down@3x.png */; };
		3EDB498822EAB72E0033557A /* focus@2x.png in Resources */ = {isa = PBXBuildFile; fileRef = 3EDB497E22EAB72E0033557A /* focus@2x.png */; };
		3EDB498922EAB72E0033557A /* focus@3x.png in Resources */ = {isa = PBXBuildFile; fileRef = 3EDB497F22EAB72E0033557A /* focus@3x.png */; };
		3EDB498A22EAB72E0033557A /* retake@2x.png in Resources */ = {isa = PBXBuildFile; fileRef = 3EDB498022EAB72E0033557A /* retake@2x.png */; };
		3EDB498B22EAB72E0033557A /* retake@3x.png in Resources */ = {isa = PBXBuildFile; fileRef = 3EDB498122EAB72E0033557A /* retake@3x.png */; };
		3EDB498C22EAB72E0033557A /* takeok@2x.png in Resources */ = {isa = PBXBuildFile; fileRef = 3EDB498222EAB72E0033557A /* takeok@2x.png */; };
		3EDB498D22EAB72E0033557A /* takeok@3x.png in Resources */ = {isa = PBXBuildFile; fileRef = 3EDB498322EAB72E0033557A /* takeok@3x.png */; };
		3EDB498E22EAB72E0033557A /* toggle_camera@2x.png in Resources */ = {isa = PBXBuildFile; fileRef = 3EDB498422EAB72E0033557A /* toggle_camera@2x.png */; };
		3EDB498F22EAB72E0033557A /* toggle_camera@3x.png in Resources */ = {isa = PBXBuildFile; fileRef = 3EDB498522EAB72E0033557A /* toggle_camera@3x.png */; };
		3EDB499522EAC71A0033557A /* personShape@2x.png in Resources */ = {isa = PBXBuildFile; fileRef = 3EDB499322EAC71A0033557A /* personShape@2x.png */; };
		3EDB499622EAC71A0033557A /* personShape@3x.png in Resources */ = {isa = PBXBuildFile; fileRef = 3EDB499422EAC71A0033557A /* personShape@3x.png */; };
		3EDB499922EAC7270033557A /* personShapeReverse@2x.png in Resources */ = {isa = PBXBuildFile; fileRef = 3EDB499722EAC7270033557A /* personShapeReverse@2x.png */; };
		3EDB499A22EAC7270033557A /* personShapeReverse@3x.png in Resources */ = {isa = PBXBuildFile; fileRef = 3EDB499822EAC7270033557A /* personShapeReverse@3x.png */; };
		3EDB499D22EAC7570033557A /* testVCCameraViewController.m in Sources */ = {isa = PBXBuildFile; fileRef = 3EDB499C22EAC7570033557A /* testVCCameraViewController.m */; };
		6003F58E195388D20070C39A /* Foundation.framework in Frameworks */ = {isa = PBXBuildFile; fileRef = 6003F58D195388D20070C39A /* Foundation.framework */; };
		6003F590195388D20070C39A /* CoreGraphics.framework in Frameworks */ = {isa = PBXBuildFile; fileRef = 6003F58F195388D20070C39A /* CoreGraphics.framework */; };
		6003F592195388D20070C39A /* UIKit.framework in Frameworks */ = {isa = PBXBuildFile; fileRef = 6003F591195388D20070C39A /* UIKit.framework */; };
		6003F598195388D20070C39A /* InfoPlist.strings in Resources */ = {isa = PBXBuildFile; fileRef = 6003F596195388D20070C39A /* InfoPlist.strings */; };
		6003F59A195388D20070C39A /* main.m in Sources */ = {isa = PBXBuildFile; fileRef = 6003F599195388D20070C39A /* main.m */; };
		6003F59E195388D20070C39A /* eCameraAppDelegate.m in Sources */ = {isa = PBXBuildFile; fileRef = 6003F59D195388D20070C39A /* eCameraAppDelegate.m */; };
		6003F5A7195388D20070C39A /* eCameraViewController.m in Sources */ = {isa = PBXBuildFile; fileRef = 6003F5A6195388D20070C39A /* eCameraViewController.m */; };
		6003F5A9195388D20070C39A /* Images.xcassets in Resources */ = {isa = PBXBuildFile; fileRef = 6003F5A8195388D20070C39A /* Images.xcassets */; };
		657F6219FC92D067A01692F0 /* Pods_eCameraLib_Example.framework in Frameworks */ = {isa = PBXBuildFile; fileRef = C6D1C5B7A774A0685E3FD4AC /* Pods_eCameraLib_Example.framework */; };
		71719F9F1E33DC2100824A3D /* LaunchScreen.storyboard in Resources */ = {isa = PBXBuildFile; fileRef = 71719F9D1E33DC2100824A3D /* LaunchScreen.storyboard */; };
		873B8AEB1B1F5CCA007FD442 /* Main.storyboard in Resources */ = {isa = PBXBuildFile; fileRef = 873B8AEA1B1F5CCA007FD442 /* Main.storyboard */; };
/* End PBXBuildFile section */

/* Begin PBXFileReference section */
		0434DC003AE802065A8CB4D9 /* Pods-eCameraLib_Example.release.xcconfig */ = {isa = PBXFileReference; includeInIndex = 1; lastKnownFileType = text.xcconfig; name = "Pods-eCameraLib_Example.release.xcconfig"; path = "Target Support Files/Pods-eCameraLib_Example/Pods-eCameraLib_Example.release.xcconfig"; sourceTree = "<group>"; };
		1DAC25ADA1F5966B010DB25C /* Pods-eCameraLib_Tests.debug.xcconfig */ = {isa = PBXFileReference; includeInIndex = 1; lastKnownFileType = text.xcconfig; name = "Pods-eCameraLib_Tests.debug.xcconfig"; path = "Target Support Files/Pods-eCameraLib_Tests/Pods-eCameraLib_Tests.debug.xcconfig"; sourceTree = "<group>"; };
		3EBE34AB22F01AE20037B268 /* eTakeCameraViewController.h */ = {isa = PBXFileReference; fileEncoding = 4; lastKnownFileType = sourcecode.c.h; path = eTakeCameraViewController.h; sourceTree = "<group>"; };
		3EBE34AC22F01AE30037B268 /* eTakeCameraViewController.m */ = {isa = PBXFileReference; fileEncoding = 4; lastKnownFileType = sourcecode.c.objc; path = eTakeCameraViewController.m; sourceTree = "<group>"; };
		3ECF84C622EADE48004E16BB /* eTakeCameraViewController.xib */ = {isa = PBXFileReference; fileEncoding = 4; lastKnownFileType = file.xib; name = eTakeCameraViewController.xib; path = ../../eCameraLib/Assets/eTakeCameraViewController.xib; sourceTree = "<group>"; };
		3EDB493522E9AB170033557A /* eCameraLib.bundle */ = {isa = PBXFileReference; explicitFileType = wrapper.cfbundle; includeInIndex = 0; path = eCameraLib.bundle; sourceTree = BUILT_PRODUCTS_DIR; };
		3EDB493722E9AB170033557A /* Info.plist */ = {isa = PBXFileReference; lastKnownFileType = text.plist.xml; path = Info.plist; sourceTree = "<group>"; };
		3EDB497C22EAB72E0033557A /* arrow_down@2x.png */ = {isa = PBXFileReference; lastKnownFileType = image.png; path = "arrow_down@2x.png"; sourceTree = "<group>"; };
		3EDB497D22EAB72E0033557A /* arrow_down@3x.png */ = {isa = PBXFileReference; lastKnownFileType = image.png; path = "arrow_down@3x.png"; sourceTree = "<group>"; };
		3EDB497E22EAB72E0033557A /* focus@2x.png */ = {isa = PBXFileReference; lastKnownFileType = image.png; path = "focus@2x.png"; sourceTree = "<group>"; };
		3EDB497F22EAB72E0033557A /* focus@3x.png */ = {isa = PBXFileReference; lastKnownFileType = image.png; path = "focus@3x.png"; sourceTree = "<group>"; };
		3EDB498022EAB72E0033557A /* retake@2x.png */ = {isa = PBXFileReference; lastKnownFileType = image.png; path = "retake@2x.png"; sourceTree = "<group>"; };
		3EDB498122EAB72E0033557A /* retake@3x.png */ = {isa = PBXFileReference; lastKnownFileType = image.png; path = "retake@3x.png"; sourceTree = "<group>"; };
		3EDB498222EAB72E0033557A /* takeok@2x.png */ = {isa = PBXFileReference; lastKnownFileType = image.png; path = "takeok@2x.png"; sourceTree = "<group>"; };
		3EDB498322EAB72E0033557A /* takeok@3x.png */ = {isa = PBXFileReference; lastKnownFileType = image.png; path = "takeok@3x.png"; sourceTree = "<group>"; };
		3EDB498422EAB72E0033557A /* toggle_camera@2x.png */ = {isa = PBXFileReference; lastKnownFileType = image.png; path = "toggle_camera@2x.png"; sourceTree = "<group>"; };
		3EDB498522EAB72E0033557A /* toggle_camera@3x.png */ = {isa = PBXFileReference; lastKnownFileType = image.png; path = "toggle_camera@3x.png"; sourceTree = "<group>"; };
		3EDB499322EAC71A0033557A /* personShape@2x.png */ = {isa = PBXFileReference; lastKnownFileType = image.png; path = "personShape@2x.png"; sourceTree = "<group>"; };
		3EDB499422EAC71A0033557A /* personShape@3x.png */ = {isa = PBXFileReference; lastKnownFileType = image.png; path = "personShape@3x.png"; sourceTree = "<group>"; };
		3EDB499722EAC7270033557A /* personShapeReverse@2x.png */ = {isa = PBXFileReference; lastKnownFileType = image.png; path = "personShapeReverse@2x.png"; sourceTree = "<group>"; };
		3EDB499822EAC7270033557A /* personShapeReverse@3x.png */ = {isa = PBXFileReference; lastKnownFileType = image.png; path = "personShapeReverse@3x.png"; sourceTree = "<group>"; };
		3EDB499B22EAC7570033557A /* testVCCameraViewController.h */ = {isa = PBXFileReference; lastKnownFileType = sourcecode.c.h; path = testVCCameraViewController.h; sourceTree = "<group>"; };
		3EDB499C22EAC7570033557A /* testVCCameraViewController.m */ = {isa = PBXFileReference; lastKnownFileType = sourcecode.c.objc; path = testVCCameraViewController.m; sourceTree = "<group>"; };
		5F4E297819B4B9CA6910A1F9 /* Pods-eCameraLib_Tests.release.xcconfig */ = {isa = PBXFileReference; includeInIndex = 1; lastKnownFileType = text.xcconfig; name = "Pods-eCameraLib_Tests.release.xcconfig"; path = "Target Support Files/Pods-eCameraLib_Tests/Pods-eCameraLib_Tests.release.xcconfig"; sourceTree = "<group>"; };
		6003F58A195388D20070C39A /* eCameraLib_Example.app */ = {isa = PBXFileReference; explicitFileType = wrapper.application; includeInIndex = 0; path = eCameraLib_Example.app; sourceTree = BUILT_PRODUCTS_DIR; };
		6003F58D195388D20070C39A /* Foundation.framework */ = {isa = PBXFileReference; lastKnownFileType = wrapper.framework; name = Foundation.framework; path = System/Library/Frameworks/Foundation.framework; sourceTree = SDKROOT; };
		6003F58F195388D20070C39A /* CoreGraphics.framework */ = {isa = PBXFileReference; lastKnownFileType = wrapper.framework; name = CoreGraphics.framework; path = System/Library/Frameworks/CoreGraphics.framework; sourceTree = SDKROOT; };
		6003F591195388D20070C39A /* UIKit.framework */ = {isa = PBXFileReference; lastKnownFileType = wrapper.framework; name = UIKit.framework; path = System/Library/Frameworks/UIKit.framework; sourceTree = SDKROOT; };
		6003F595195388D20070C39A /* eCameraLib-Info.plist */ = {isa = PBXFileReference; lastKnownFileType = text.plist.xml; path = "eCameraLib-Info.plist"; sourceTree = "<group>"; };
		6003F597195388D20070C39A /* en */ = {isa = PBXFileReference; lastKnownFileType = text.plist.strings; name = en; path = en.lproj/InfoPlist.strings; sourceTree = "<group>"; };
		6003F599195388D20070C39A /* main.m */ = {isa = PBXFileReference; lastKnownFileType = sourcecode.c.objc; path = main.m; sourceTree = "<group>"; };
		6003F59B195388D20070C39A /* eCameraLib-Prefix.pch */ = {isa = PBXFileReference; lastKnownFileType = sourcecode.c.h; path = "eCameraLib-Prefix.pch"; sourceTree = "<group>"; };
		6003F59C195388D20070C39A /* eCameraAppDelegate.h */ = {isa = PBXFileReference; lastKnownFileType = sourcecode.c.h; path = eCameraAppDelegate.h; sourceTree = "<group>"; };
		6003F59D195388D20070C39A /* eCameraAppDelegate.m */ = {isa = PBXFileReference; lastKnownFileType = sourcecode.c.objc; path = eCameraAppDelegate.m; sourceTree = "<group>"; };
		6003F5A5195388D20070C39A /* eCameraViewController.h */ = {isa = PBXFileReference; lastKnownFileType = sourcecode.c.h; path = eCameraViewController.h; sourceTree = "<group>"; };
		6003F5A6195388D20070C39A /* eCameraViewController.m */ = {isa = PBXFileReference; lastKnownFileType = sourcecode.c.objc; path = eCameraViewController.m; sourceTree = "<group>"; };
		6003F5A8195388D20070C39A /* Images.xcassets */ = {isa = PBXFileReference; lastKnownFileType = folder.assetcatalog; path = Images.xcassets; sourceTree = "<group>"; };
		6003F5AF195388D20070C39A /* XCTest.framework */ = {isa = PBXFileReference; lastKnownFileType = wrapper.framework; name = XCTest.framework; path = Library/Frameworks/XCTest.framework; sourceTree = DEVELOPER_DIR; };
		6003F5B7195388D20070C39A /* Tests-Info.plist */ = {isa = PBXFileReference; lastKnownFileType = text.plist.xml; path = "Tests-Info.plist"; sourceTree = "<group>"; };
		6003F5B9195388D20070C39A /* en */ = {isa = PBXFileReference; lastKnownFileType = text.plist.strings; name = en; path = en.lproj/InfoPlist.strings; sourceTree = "<group>"; };
		6003F5BB195388D20070C39A /* Tests.m */ = {isa = PBXFileReference; lastKnownFileType = sourcecode.c.objc; path = Tests.m; sourceTree = "<group>"; };
		606FC2411953D9B200FFA9A0 /* Tests-Prefix.pch */ = {isa = PBXFileReference; lastKnownFileType = sourcecode.c.h; path = "Tests-Prefix.pch"; sourceTree = "<group>"; };
		71719F9E1E33DC2100824A3D /* Base */ = {isa = PBXFileReference; lastKnownFileType = file.storyboard; name = Base; path = Base.lproj/LaunchScreen.storyboard; sourceTree = "<group>"; };
		72674ED567B674F38E315D10 /* Pods_eCameraLib_Tests.framework */ = {isa = PBXFileReference; explicitFileType = wrapper.framework; includeInIndex = 0; path = Pods_eCameraLib_Tests.framework; sourceTree = BUILT_PRODUCTS_DIR; };
		873B8AEA1B1F5CCA007FD442 /* Main.storyboard */ = {isa = PBXFileReference; fileEncoding = 4; lastKnownFileType = file.storyboard; name = Main.storyboard; path = Base.lproj/Main.storyboard; sourceTree = "<group>"; };
		9E1A6E7FC1CF702AF38778F4 /* LICENSE */ = {isa = PBXFileReference; includeInIndex = 1; lastKnownFileType = text; name = LICENSE; path = ../LICENSE; sourceTree = "<group>"; };
		C6D1C5B7A774A0685E3FD4AC /* Pods_eCameraLib_Example.framework */ = {isa = PBXFileReference; explicitFileType = wrapper.framework; includeInIndex = 0; path = Pods_eCameraLib_Example.framework; sourceTree = BUILT_PRODUCTS_DIR; };
		E9140B1CA4AFE036E9D0EC9D /* Pods-eCameraLib_Example.debug.xcconfig */ = {isa = PBXFileReference; includeInIndex = 1; lastKnownFileType = text.xcconfig; name = "Pods-eCameraLib_Example.debug.xcconfig"; path = "Target Support Files/Pods-eCameraLib_Example/Pods-eCameraLib_Example.debug.xcconfig"; sourceTree = "<group>"; };
		F1C1C3B353754282195CA4F5 /* eCameraLib.podspec */ = {isa = PBXFileReference; includeInIndex = 1; lastKnownFileType = text; name = eCameraLib.podspec; path = ../eCameraLib.podspec; sourceTree = "<group>"; xcLanguageSpecificationIdentifier = xcode.lang.ruby; };
		F3CBE2883B2CA7EC09D0234F /* README.md */ = {isa = PBXFileReference; includeInIndex = 1; lastKnownFileType = net.daringfireball.markdown; name = README.md; path = ../README.md; sourceTree = "<group>"; };
/* End PBXFileReference section */

/* Begin PBXFrameworksBuildPhase section */
		3EDB493222E9AB170033557A /* Frameworks */ = {
			isa = PBXFrameworksBuildPhase;
			buildActionMask = 2147483647;
			files = (
			);
			runOnlyForDeploymentPostprocessing = 0;
		};
		6003F587195388D20070C39A /* Frameworks */ = {
			isa = PBXFrameworksBuildPhase;
			buildActionMask = 2147483647;
			files = (
				6003F590195388D20070C39A /* CoreGraphics.framework in Frameworks */,
				6003F592195388D20070C39A /* UIKit.framework in Frameworks */,
				6003F58E195388D20070C39A /* Foundation.framework in Frameworks */,
				657F6219FC92D067A01692F0 /* Pods_eCameraLib_Example.framework in Frameworks */,
			);
			runOnlyForDeploymentPostprocessing = 0;
		};
/* End PBXFrameworksBuildPhase section */

/* Begin PBXGroup section */
		3EDB493622E9AB170033557A /* eCameraLib */ = {
			isa = PBXGroup;
			children = (
				3EDB493722E9AB170033557A /* Info.plist */,
			);
			path = eCameraLib;
			sourceTree = "<group>";
		};
		3EDB497B22EAB72E0033557A /* resource */ = {
			isa = PBXGroup;
			children = (
				3ECF84C622EADE48004E16BB /* eTakeCameraViewController.xib */,
				3EDB497C22EAB72E0033557A /* arrow_down@2x.png */,
				3EDB497D22EAB72E0033557A /* arrow_down@3x.png */,
				3EDB497E22EAB72E0033557A /* focus@2x.png */,
				3EDB497F22EAB72E0033557A /* focus@3x.png */,
				3EDB498022EAB72E0033557A /* retake@2x.png */,
				3EDB498122EAB72E0033557A /* retake@3x.png */,
				3EDB498222EAB72E0033557A /* takeok@2x.png */,
				3EDB498322EAB72E0033557A /* takeok@3x.png */,
				3EDB498422EAB72E0033557A /* toggle_camera@2x.png */,
				3EDB498522EAB72E0033557A /* toggle_camera@3x.png */,
			);
			path = resource;
			sourceTree = "<group>";
		};
		3EDB499E22EAC78A0033557A /* customImg */ = {
			isa = PBXGroup;
			children = (
				3EDB499722EAC7270033557A /* personShapeReverse@2x.png */,
				3EDB499822EAC7270033557A /* personShapeReverse@3x.png */,
				3EDB499322EAC71A0033557A /* personShape@2x.png */,
				3EDB499422EAC71A0033557A /* personShape@3x.png */,
			);
			name = customImg;
			sourceTree = "<group>";
		};
		6003F581195388D10070C39A = {
			isa = PBXGroup;
			children = (
				3EDB497B22EAB72E0033557A /* resource */,
				60FF7A9C1954A5C5007DD14C /* Podspec Metadata */,
				6003F593195388D20070C39A /* Example for eCameraLib */,
				6003F5B5195388D20070C39A /* Tests */,
				3EDB493622E9AB170033557A /* eCameraLib */,
				6003F58C195388D20070C39A /* Frameworks */,
				6003F58B195388D20070C39A /* Products */,
				7E69C91A77CD113457D971A0 /* Pods */,
			);
			sourceTree = "<group>";
		};
		6003F58B195388D20070C39A /* Products */ = {
			isa = PBXGroup;
			children = (
				6003F58A195388D20070C39A /* eCameraLib_Example.app */,
				3EDB493522E9AB170033557A /* eCameraLib.bundle */,
			);
			name = Products;
			sourceTree = "<group>";
		};
		6003F58C195388D20070C39A /* Frameworks */ = {
			isa = PBXGroup;
			children = (
				6003F58D195388D20070C39A /* Foundation.framework */,
				6003F58F195388D20070C39A /* CoreGraphics.framework */,
				6003F591195388D20070C39A /* UIKit.framework */,
				6003F5AF195388D20070C39A /* XCTest.framework */,
				C6D1C5B7A774A0685E3FD4AC /* Pods_eCameraLib_Example.framework */,
				72674ED567B674F38E315D10 /* Pods_eCameraLib_Tests.framework */,
			);
			name = Frameworks;
			sourceTree = "<group>";
		};
		6003F593195388D20070C39A /* Example for eCameraLib */ = {
			isa = PBXGroup;
			children = (
				3EBE34AB22F01AE20037B268 /* eTakeCameraViewController.h */,
				3EBE34AC22F01AE30037B268 /* eTakeCameraViewController.m */,
				3EDB499E22EAC78A0033557A /* customImg */,
				3EDB499B22EAC7570033557A /* testVCCameraViewController.h */,
				3EDB499C22EAC7570033557A /* testVCCameraViewController.m */,
				6003F59C195388D20070C39A /* eCameraAppDelegate.h */,
				6003F59D195388D20070C39A /* eCameraAppDelegate.m */,
				873B8AEA1B1F5CCA007FD442 /* Main.storyboard */,
				6003F5A5195388D20070C39A /* eCameraViewController.h */,
				6003F5A6195388D20070C39A /* eCameraViewController.m */,
				71719F9D1E33DC2100824A3D /* LaunchScreen.storyboard */,
				6003F5A8195388D20070C39A /* Images.xcassets */,
				6003F594195388D20070C39A /* Supporting Files */,
			);
			name = "Example for eCameraLib";
			path = eCameraLib;
			sourceTree = "<group>";
		};
		6003F594195388D20070C39A /* Supporting Files */ = {
			isa = PBXGroup;
			children = (
				6003F595195388D20070C39A /* eCameraLib-Info.plist */,
				6003F596195388D20070C39A /* InfoPlist.strings */,
				6003F599195388D20070C39A /* main.m */,
				6003F59B195388D20070C39A /* eCameraLib-Prefix.pch */,
			);
			name = "Supporting Files";
			sourceTree = "<group>";
		};
		6003F5B5195388D20070C39A /* Tests */ = {
			isa = PBXGroup;
			children = (
				6003F5BB195388D20070C39A /* Tests.m */,
				6003F5B6195388D20070C39A /* Supporting Files */,
			);
			path = Tests;
			sourceTree = "<group>";
		};
		6003F5B6195388D20070C39A /* Supporting Files */ = {
			isa = PBXGroup;
			children = (
				6003F5B7195388D20070C39A /* Tests-Info.plist */,
				6003F5B8195388D20070C39A /* InfoPlist.strings */,
				606FC2411953D9B200FFA9A0 /* Tests-Prefix.pch */,
			);
			name = "Supporting Files";
			sourceTree = "<group>";
		};
		60FF7A9C1954A5C5007DD14C /* Podspec Metadata */ = {
			isa = PBXGroup;
			children = (
				F1C1C3B353754282195CA4F5 /* eCameraLib.podspec */,
				F3CBE2883B2CA7EC09D0234F /* README.md */,
				9E1A6E7FC1CF702AF38778F4 /* LICENSE */,
			);
			name = "Podspec Metadata";
			sourceTree = "<group>";
		};
		7E69C91A77CD113457D971A0 /* Pods */ = {
			isa = PBXGroup;
			children = (
				E9140B1CA4AFE036E9D0EC9D /* Pods-eCameraLib_Example.debug.xcconfig */,
				0434DC003AE802065A8CB4D9 /* Pods-eCameraLib_Example.release.xcconfig */,
				1DAC25ADA1F5966B010DB25C /* Pods-eCameraLib_Tests.debug.xcconfig */,
				5F4E297819B4B9CA6910A1F9 /* Pods-eCameraLib_Tests.release.xcconfig */,
			);
			path = Pods;
			sourceTree = "<group>";
		};
/* End PBXGroup section */

/* Begin PBXNativeTarget section */
		3EDB493422E9AB170033557A /* eCameraLib */ = {
			isa = PBXNativeTarget;
			buildConfigurationList = 3EDB493822E9AB170033557A /* Build configuration list for PBXNativeTarget "eCameraLib" */;
			buildPhases = (
				3EDB493122E9AB170033557A /* Sources */,
				3EDB493222E9AB170033557A /* Frameworks */,
				3EDB493322E9AB170033557A /* Resources */,
			);
			buildRules = (
			);
			dependencies = (
			);
			name = eCameraLib;
			productName = eCameraLib;
			productReference = 3EDB493522E9AB170033557A /* eCameraLib.bundle */;
			productType = "com.apple.product-type.bundle";
		};
		6003F589195388D20070C39A /* eCameraLib_Example */ = {
			isa = PBXNativeTarget;
			buildConfigurationList = 6003F5BF195388D20070C39A /* Build configuration list for PBXNativeTarget "eCameraLib_Example" */;
			buildPhases = (
				829F8DA6D659F30BEAB2C23F /* [CP] Check Pods Manifest.lock */,
				6003F586195388D20070C39A /* Sources */,
				6003F587195388D20070C39A /* Frameworks */,
				6003F588195388D20070C39A /* Resources */,
				18C2FA89E2338383311B7A7A /* [CP] Embed Pods Frameworks */,
			);
			buildRules = (
			);
			dependencies = (
			);
			name = eCameraLib_Example;
			productName = eCameraLib;
			productReference = 6003F58A195388D20070C39A /* eCameraLib_Example.app */;
			productType = "com.apple.product-type.application";
		};
/* End PBXNativeTarget section */

/* Begin PBXProject section */
		6003F582195388D10070C39A /* Project object */ = {
			isa = PBXProject;
			attributes = {
				CLASSPREFIX = eCamera;
				LastUpgradeCheck = 0720;
				ORGANIZATIONNAME = "24290265@qq.com";
				TargetAttributes = {
					3EDB493422E9AB170033557A = {
						CreatedOnToolsVersion = 10.1;
						DevelopmentTeam = NK8FK7ZWZ7;
						ProvisioningStyle = Manual;
					};
					6003F589195388D20070C39A = {
						DevelopmentTeam = 335X85BJF8;
						ProvisioningStyle = Manual;
					};
				};
			};
			buildConfigurationList = 6003F585195388D10070C39A /* Build configuration list for PBXProject "eCameraLib" */;
			compatibilityVersion = "Xcode 3.2";
			developmentRegion = English;
			hasScannedForEncodings = 0;
			knownRegions = (
				en,
				Base,
			);
			mainGroup = 6003F581195388D10070C39A;
			productRefGroup = 6003F58B195388D20070C39A /* Products */;
			projectDirPath = "";
			projectRoot = "";
			targets = (
				6003F589195388D20070C39A /* eCameraLib_Example */,
				3EDB493422E9AB170033557A /* eCameraLib */,
			);
		};
/* End PBXProject section */

/* Begin PBXResourcesBuildPhase section */
		3EDB493322E9AB170033557A /* Resources */ = {
			isa = PBXResourcesBuildPhase;
			buildActionMask = 2147483647;
			files = (
				3EDB498C22EAB72E0033557A /* takeok@2x.png in Resources */,
				3EDB498622EAB72E0033557A /* arrow_down@2x.png in Resources */,
				3EDB498E22EAB72E0033557A /* toggle_camera@2x.png in Resources */,
				3EDB498D22EAB72E0033557A /* takeok@3x.png in Resources */,
				3EDB498A22EAB72E0033557A /* retake@2x.png in Resources */,
				3EDB498722EAB72E0033557A /* arrow_down@3x.png in Resources */,
				3EDB498F22EAB72E0033557A /* toggle_camera@3x.png in Resources */,
				3EDB498B22EAB72E0033557A /* retake@3x.png in Resources */,
				3EDB498922EAB72E0033557A /* focus@3x.png in Resources */,
				3EDB498822EAB72E0033557A /* focus@2x.png in Resources */,
			);
			runOnlyForDeploymentPostprocessing = 0;
		};
		6003F588195388D20070C39A /* Resources */ = {
			isa = PBXResourcesBuildPhase;
			buildActionMask = 2147483647;
			files = (
				873B8AEB1B1F5CCA007FD442 /* Main.storyboard in Resources */,
				71719F9F1E33DC2100824A3D /* LaunchScreen.storyboard in Resources */,
				3EDB499922EAC7270033557A /* personShapeReverse@2x.png in Resources */,
				3EDB499A22EAC7270033557A /* personShapeReverse@3x.png in Resources */,
				6003F5A9195388D20070C39A /* Images.xcassets in Resources */,
				3ECF84C722EADE48004E16BB /* eTakeCameraViewController.xib in Resources */,
				3EDB499522EAC71A0033557A /* personShape@2x.png in Resources */,
				3EDB499622EAC71A0033557A /* personShape@3x.png in Resources */,
				6003F598195388D20070C39A /* InfoPlist.strings in Resources */,
			);
			runOnlyForDeploymentPostprocessing = 0;
		};
/* End PBXResourcesBuildPhase section */

/* Begin PBXShellScriptBuildPhase section */
		18C2FA89E2338383311B7A7A /* [CP] Embed Pods Frameworks */ = {
			isa = PBXShellScriptBuildPhase;
			buildActionMask = 2147483647;
			files = (
			);
			inputFileListPaths = (
			);
			inputPaths = (
				"${PODS_ROOT}/Target Support Files/Pods-eCameraLib_Example/Pods-eCameraLib_Example-frameworks.sh",
				"${BUILT_PRODUCTS_DIR}/eCameraLib/eCameraLib.framework",
			);
			name = "[CP] Embed Pods Frameworks";
			outputFileListPaths = (
			);
			outputPaths = (
				"${TARGET_BUILD_DIR}/${FRAMEWORKS_FOLDER_PATH}/eCameraLib.framework",
			);
			runOnlyForDeploymentPostprocessing = 0;
			shellPath = /bin/sh;
			shellScript = "\"${PODS_ROOT}/Target Support Files/Pods-eCameraLib_Example/Pods-eCameraLib_Example-frameworks.sh\"\n";
			showEnvVarsInLog = 0;
		};
		829F8DA6D659F30BEAB2C23F /* [CP] Check Pods Manifest.lock */ = {
			isa = PBXShellScriptBuildPhase;
			buildActionMask = 2147483647;
			files = (
			);
			inputFileListPaths = (
			);
			inputPaths = (
				"${PODS_PODFILE_DIR_PATH}/Podfile.lock",
				"${PODS_ROOT}/Manifest.lock",
			);
			name = "[CP] Check Pods Manifest.lock";
			outputFileListPaths = (
			);
			outputPaths = (
				"$(DERIVED_FILE_DIR)/Pods-eCameraLib_Example-checkManifestLockResult.txt",
			);
			runOnlyForDeploymentPostprocessing = 0;
			shellPath = /bin/sh;
			shellScript = "diff \"${PODS_PODFILE_DIR_PATH}/Podfile.lock\" \"${PODS_ROOT}/Manifest.lock\" > /dev/null\nif [ $? != 0 ] ; then\n    # print error to STDERR\n    echo \"error: The sandbox is not in sync with the Podfile.lock. Run 'pod install' or update your CocoaPods installation.\" >&2\n    exit 1\nfi\n# This output is used by Xcode 'outputs' to avoid re-running this script phase.\necho \"SUCCESS\" > \"${SCRIPT_OUTPUT_FILE_0}\"\n";
			showEnvVarsInLog = 0;
		};
/* End PBXShellScriptBuildPhase section */

/* Begin PBXSourcesBuildPhase section */
		3EDB493122E9AB170033557A /* Sources */ = {
			isa = PBXSourcesBuildPhase;
			buildActionMask = 2147483647;
			files = (
			);
			runOnlyForDeploymentPostprocessing = 0;
		};
		6003F586195388D20070C39A /* Sources */ = {
			isa = PBXSourcesBuildPhase;
			buildActionMask = 2147483647;
			files = (
				3EDB499D22EAC7570033557A /* testVCCameraViewController.m in Sources */,
				6003F59E195388D20070C39A /* eCameraAppDelegate.m in Sources */,
				3EBE34AD22F01AE30037B268 /* eTakeCameraViewController.m in Sources */,
				6003F5A7195388D20070C39A /* eCameraViewController.m in Sources */,
				6003F59A195388D20070C39A /* main.m in Sources */,
			);
			runOnlyForDeploymentPostprocessing = 0;
		};
/* End PBXSourcesBuildPhase section */

/* Begin PBXVariantGroup section */
		6003F596195388D20070C39A /* InfoPlist.strings */ = {
			isa = PBXVariantGroup;
			children = (
				6003F597195388D20070C39A /* en */,
			);
			name = InfoPlist.strings;
			sourceTree = "<group>";
		};
		6003F5B8195388D20070C39A /* InfoPlist.strings */ = {
			isa = PBXVariantGroup;
			children = (
				6003F5B9195388D20070C39A /* en */,
			);
			name = InfoPlist.strings;
			sourceTree = "<group>";
		};
		71719F9D1E33DC2100824A3D /* LaunchScreen.storyboard */ = {
			isa = PBXVariantGroup;
			children = (
				71719F9E1E33DC2100824A3D /* Base */,
			);
			name = LaunchScreen.storyboard;
			sourceTree = "<group>";
		};
/* End PBXVariantGroup section */

/* Begin XCBuildConfiguration section */
		3EDB493922E9AB170033557A /* Debug */ = {
			isa = XCBuildConfiguration;
			buildSettings = {
				CLANG_ANALYZER_NONNULL = YES;
				CLANG_ANALYZER_NUMBER_OBJECT_CONVERSION = YES_AGGRESSIVE;
				CLANG_CXX_LANGUAGE_STANDARD = "gnu++14";
				CLANG_ENABLE_OBJC_WEAK = YES;
				CLANG_WARN_BLOCK_CAPTURE_AUTORELEASING = YES;
				CLANG_WARN_COMMA = YES;
				CLANG_WARN_DEPRECATED_OBJC_IMPLEMENTATIONS = YES;
				CLANG_WARN_DOCUMENTATION_COMMENTS = YES;
				CLANG_WARN_INFINITE_RECURSION = YES;
				CLANG_WARN_NON_LITERAL_NULL_CONVERSION = YES;
				CLANG_WARN_OBJC_IMPLICIT_RETAIN_SELF = YES;
				CLANG_WARN_OBJC_LITERAL_CONVERSION = YES;
				CLANG_WARN_RANGE_LOOP_ANALYSIS = YES;
				CLANG_WARN_STRICT_PROTOTYPES = YES;
				CLANG_WARN_SUSPICIOUS_MOVE = YES;
				CLANG_WARN_UNGUARDED_AVAILABILITY = YES_AGGRESSIVE;
				CLANG_WARN_UNREACHABLE_CODE = YES;
				CODE_SIGN_IDENTITY = "Mac Developer";
				CODE_SIGN_STYLE = Manual;
				COMBINE_HIDPI_IMAGES = NO;
				DEBUG_INFORMATION_FORMAT = dwarf;
				DEVELOPMENT_TEAM = NK8FK7ZWZ7;
				ENABLE_STRICT_OBJC_MSGSEND = YES;
				GCC_C_LANGUAGE_STANDARD = gnu11;
				GCC_NO_COMMON_BLOCKS = YES;
				INFOPLIST_FILE = eCameraLib/Info.plist;
				INSTALL_PATH = "$(LOCAL_LIBRARY_DIR)/Bundles";
				IPHONEOS_DEPLOYMENT_TARGET = 8.0;
				MACOSX_DEPLOYMENT_TARGET = 10.13;
				MTL_ENABLE_DEBUG_INFO = INCLUDE_SOURCE;
				MTL_FAST_MATH = YES;
				PRODUCT_BUNDLE_IDENTIFIER = com.quanmai.hrfaxsix;
				PRODUCT_NAME = "$(TARGET_NAME)";
				PROVISIONING_PROFILE_SPECIFIER = "";
				SDKROOT = iphoneos;
				SKIP_INSTALL = YES;
				TARGETED_DEVICE_FAMILY = 1;
				WRAPPER_EXTENSION = bundle;
			};
			name = Debug;
		};
		3EDB493A22E9AB170033557A /* Release */ = {
			isa = XCBuildConfiguration;
			buildSettings = {
				CLANG_ANALYZER_NONNULL = YES;
				CLANG_ANALYZER_NUMBER_OBJECT_CONVERSION = YES_AGGRESSIVE;
				CLANG_CXX_LANGUAGE_STANDARD = "gnu++14";
				CLANG_ENABLE_OBJC_WEAK = YES;
				CLANG_WARN_BLOCK_CAPTURE_AUTORELEASING = YES;
				CLANG_WARN_COMMA = YES;
				CLANG_WARN_DEPRECATED_OBJC_IMPLEMENTATIONS = YES;
				CLANG_WARN_DOCUMENTATION_COMMENTS = YES;
				CLANG_WARN_INFINITE_RECURSION = YES;
				CLANG_WARN_NON_LITERAL_NULL_CONVERSION = YES;
				CLANG_WARN_OBJC_IMPLICIT_RETAIN_SELF = YES;
				CLANG_WARN_OBJC_LITERAL_CONVERSION = YES;
				CLANG_WARN_RANGE_LOOP_ANALYSIS = YES;
				CLANG_WARN_STRICT_PROTOTYPES = YES;
				CLANG_WARN_SUSPICIOUS_MOVE = YES;
				CLANG_WARN_UNGUARDED_AVAILABILITY = YES_AGGRESSIVE;
				CLANG_WARN_UNREACHABLE_CODE = YES;
				CODE_SIGN_IDENTITY = "Mac Developer";
				CODE_SIGN_STYLE = Manual;
				COMBINE_HIDPI_IMAGES = NO;
				COPY_PHASE_STRIP = NO;
				DEBUG_INFORMATION_FORMAT = "dwarf-with-dsym";
				DEVELOPMENT_TEAM = "";
				ENABLE_STRICT_OBJC_MSGSEND = YES;
				GCC_C_LANGUAGE_STANDARD = gnu11;
				GCC_NO_COMMON_BLOCKS = YES;
				INFOPLIST_FILE = eCameraLib/Info.plist;
				INSTALL_PATH = "$(LOCAL_LIBRARY_DIR)/Bundles";
				IPHONEOS_DEPLOYMENT_TARGET = 8.0;
				MACOSX_DEPLOYMENT_TARGET = 10.13;
				MTL_ENABLE_DEBUG_INFO = NO;
				MTL_FAST_MATH = YES;
				PRODUCT_BUNDLE_IDENTIFIER = com.quanmai.hrfaxsix;
				PRODUCT_NAME = "$(TARGET_NAME)";
				PROVISIONING_PROFILE_SPECIFIER = "";
				SDKROOT = iphoneos;
				SKIP_INSTALL = YES;
				TARGETED_DEVICE_FAMILY = 1;
				WRAPPER_EXTENSION = bundle;
			};
			name = Release;
		};
		6003F5BD195388D20070C39A /* Debug */ = {
			isa = XCBuildConfiguration;
			buildSettings = {
				ALWAYS_SEARCH_USER_PATHS = NO;
				CLANG_CXX_LANGUAGE_STANDARD = "gnu++0x";
				CLANG_CXX_LIBRARY = "libc++";
				CLANG_ENABLE_MODULES = YES;
				CLANG_ENABLE_OBJC_ARC = YES;
				CLANG_WARN_BOOL_CONVERSION = YES;
				CLANG_WARN_CONSTANT_CONVERSION = YES;
				CLANG_WARN_DIRECT_OBJC_ISA_USAGE = YES_ERROR;
				CLANG_WARN_EMPTY_BODY = YES;
				CLANG_WARN_ENUM_CONVERSION = YES;
				CLANG_WARN_INT_CONVERSION = YES;
				CLANG_WARN_OBJC_ROOT_CLASS = YES_ERROR;
				CLANG_WARN__DUPLICATE_METHOD_MATCH = YES;
				"CODE_SIGN_IDENTITY[sdk=iphoneos*]" = "iPhone Developer";
				COPY_PHASE_STRIP = NO;
				ENABLE_TESTABILITY = YES;
				GCC_C_LANGUAGE_STANDARD = gnu99;
				GCC_DYNAMIC_NO_PIC = NO;
				GCC_OPTIMIZATION_LEVEL = 0;
				GCC_PREPROCESSOR_DEFINITIONS = (
					"DEBUG=1",
					"$(inherited)",
				);
				GCC_SYMBOLS_PRIVATE_EXTERN = NO;
				GCC_WARN_64_TO_32_BIT_CONVERSION = YES;
				GCC_WARN_ABOUT_RETURN_TYPE = YES_ERROR;
				GCC_WARN_UNDECLARED_SELECTOR = YES;
				GCC_WARN_UNINITIALIZED_AUTOS = YES_AGGRESSIVE;
				GCC_WARN_UNUSED_FUNCTION = YES;
				GCC_WARN_UNUSED_VARIABLE = YES;
				IPHONEOS_DEPLOYMENT_TARGET = 9.3;
				ONLY_ACTIVE_ARCH = YES;
				SDKROOT = iphoneos;
				TARGETED_DEVICE_FAMILY = "1,2";
			};
			name = Debug;
		};
		6003F5BE195388D20070C39A /* Release */ = {
			isa = XCBuildConfiguration;
			buildSettings = {
				ALWAYS_SEARCH_USER_PATHS = NO;
				CLANG_CXX_LANGUAGE_STANDARD = "gnu++0x";
				CLANG_CXX_LIBRARY = "libc++";
				CLANG_ENABLE_MODULES = YES;
				CLANG_ENABLE_OBJC_ARC = YES;
				CLANG_WARN_BOOL_CONVERSION = YES;
				CLANG_WARN_CONSTANT_CONVERSION = YES;
				CLANG_WARN_DIRECT_OBJC_ISA_USAGE = YES_ERROR;
				CLANG_WARN_EMPTY_BODY = YES;
				CLANG_WARN_ENUM_CONVERSION = YES;
				CLANG_WARN_INT_CONVERSION = YES;
				CLANG_WARN_OBJC_ROOT_CLASS = YES_ERROR;
				CLANG_WARN__DUPLICATE_METHOD_MATCH = YES;
				"CODE_SIGN_IDENTITY[sdk=iphoneos*]" = "iPhone Developer";
				COPY_PHASE_STRIP = YES;
				ENABLE_NS_ASSERTIONS = NO;
				GCC_C_LANGUAGE_STANDARD = gnu99;
				GCC_WARN_64_TO_32_BIT_CONVERSION = YES;
				GCC_WARN_ABOUT_RETURN_TYPE = YES_ERROR;
				GCC_WARN_UNDECLARED_SELECTOR = YES;
				GCC_WARN_UNINITIALIZED_AUTOS = YES_AGGRESSIVE;
				GCC_WARN_UNUSED_FUNCTION = YES;
				GCC_WARN_UNUSED_VARIABLE = YES;
				IPHONEOS_DEPLOYMENT_TARGET = 9.3;
				SDKROOT = iphoneos;
				TARGETED_DEVICE_FAMILY = "1,2";
				VALIDATE_PRODUCT = YES;
			};
			name = Release;
		};
		6003F5C0195388D20070C39A /* Debug */ = {
			isa = XCBuildConfiguration;
			baseConfigurationReference = E9140B1CA4AFE036E9D0EC9D /* Pods-eCameraLib_Example.debug.xcconfig */;
			buildSettings = {
				ASSETCATALOG_COMPILER_APPICON_NAME = AppIcon;
				CODE_SIGN_STYLE = Manual;
				DEVELOPMENT_TEAM = 335X85BJF8;
				GCC_PRECOMPILE_PREFIX_HEADER = YES;
				GCC_PREFIX_HEADER = "eCameraLib/eCameraLib-Prefix.pch";
				INFOPLIST_FILE = "eCameraLib/eCameraLib-Info.plist";
				MODULE_NAME = ExampleApp;
				PRODUCT_BUNDLE_IDENTIFIER = com.quanmai.hrfaxsix;
				PRODUCT_NAME = "$(TARGET_NAME)";
				PROVISIONING_PROFILE_SPECIFIER = "XC WildcardDEV";
				SWIFT_VERSION = 4.0;
				WRAPPER_EXTENSION = app;
			};
			name = Debug;
		};
		6003F5C1195388D20070C39A /* Release */ = {
			isa = XCBuildConfiguration;
			baseConfigurationReference = 0434DC003AE802065A8CB4D9 /* Pods-eCameraLib_Example.release.xcconfig */;
			buildSettings = {
				ASSETCATALOG_COMPILER_APPICON_NAME = AppIcon;
				CODE_SIGN_STYLE = Manual;
				DEVELOPMENT_TEAM = 335X85BJF8;
				GCC_PRECOMPILE_PREFIX_HEADER = YES;
				GCC_PREFIX_HEADER = "eCameraLib/eCameraLib-Prefix.pch";
				INFOPLIST_FILE = "eCameraLib/eCameraLib-Info.plist";
				MODULE_NAME = ExampleApp;
				PRODUCT_BUNDLE_IDENTIFIER = com.quanmai.hrfaxsix;
				PRODUCT_NAME = "$(TARGET_NAME)";
				PROVISIONING_PROFILE_SPECIFIER = "XC WildcardDEV";
				SWIFT_VERSION = 4.0;
				WRAPPER_EXTENSION = app;
			};
			name = Release;
		};
/* End XCBuildConfiguration section */

/* Begin XCConfigurationList section */
		3EDB493822E9AB170033557A /* Build configuration list for PBXNativeTarget "eCameraLib" */ = {
			isa = XCConfigurationList;
			buildConfigurations = (
				3EDB493922E9AB170033557A /* Debug */,
				3EDB493A22E9AB170033557A /* Release */,
			);
			defaultConfigurationIsVisible = 0;
			defaultConfigurationName = Release;
		};
		6003F585195388D10070C39A /* Build configuration list for PBXProject "eCameraLib" */ = {
			isa = XCConfigurationList;
			buildConfigurations = (
				6003F5BD195388D20070C39A /* Debug */,
				6003F5BE195388D20070C39A /* Release */,
			);
			defaultConfigurationIsVisible = 0;
			defaultConfigurationName = Release;
		};
		6003F5BF195388D20070C39A /* Build configuration list for PBXNativeTarget "eCameraLib_Example" */ = {
			isa = XCConfigurationList;
			buildConfigurations = (
				6003F5C0195388D20070C39A /* Debug */,
				6003F5C1195388D20070C39A /* Release */,
			);
			defaultConfigurationIsVisible = 0;
			defaultConfigurationName = Release;
		};
/* End XCConfigurationList section */
	};
	rootObject = 6003F582195388D10070C39A /* Project object */;
}
